
Microsoft Visual Studio Solution File, Format Version 12.00
# Visual Studio 16
Project("{FAE04EC0-301F-11D3-BF4B-00C04F79EFBC}") = "Assembly-CSharp", "Assembly-CSharp.csproj", "{F03697CF-0644-E2D5-4444-4CDC9A2646C3}"
EndProject
Project("{FAE04EC0-301F-11D3-BF4B-00C04F79EFBC}") = "Assembly-CSharp-firstpass", "Assembly-CSharp-firstpass.csproj", "{EE1E5022-416D-21B6-46E4-B1847899B68A}"
EndProject
Global
	GlobalSection(SolutionConfigurationPlatforms) = preSolution
		Debug|Any CPU = Debug|Any CPU
		Release|Any CPU = Release|Any CPU
	EndGlobalSection
	GlobalSection(ProjectConfigurationPlatforms) = postSolution
		{F03697CF-0644-E2D5-4444-4CDC9A2646C3}.Debug|Any CPU.ActiveCfg = Debug|Any CPU
		{F03697CF-0644-E2D5-4444-4CDC9A2646C3}.Debug|Any CPU.Build.0 = Debug|Any CPU
		{F03697CF-0644-E2D5-4444-4CDC9A2646C3}.Release|Any CPU.ActiveCfg = Release|Any CPU
		{F03697CF-0644-E2D5-4444-4CDC9A2646C3}.Release|Any CPU.Build.0 = Release|Any CPU
		{EE1E5022-416D-21B6-46E4-B1847899B68A}.Debug|Any CPU.ActiveCfg = Debug|Any CPU
		{EE1E5022-416D-21B6-46E4-B1847899B68A}.Debug|Any CPU.Build.0 = Debug|Any CPU
		{EE1E5022-416D-21B6-46E4-B1847899B68A}.Release|Any CPU.ActiveCfg = Release|Any CPU
		{EE1E5022-416D-21B6-46E4-B1847899B68A}.Release|Any CPU.Build.0 = Release|Any CPU
	EndGlobalSection
	GlobalSection(SolutionProperties) = preSolution
		HideSolutionNode = FALSE
	EndGlobalSection
	GlobalSection(MonoDevelopProperties) = preSolution
		StartupItem = Assembly-CSharp.csproj
	EndGlobalSection
EndGlobal
